
Microsoft Visual Studio Solution File, Format Version 12.00
# Visual Studio Version 17
VisualStudioVersion = 17.1.32210.238
MinimumVisualStudioVersion = 10.0.40219.1
Project("{FAE04EC0-301F-11D3-BF4B-00C04F79EFBC}") = "zadacha_2", "zadacha_2.csproj", "{C64A1169-CEBE-4DF9-B66D-3618D589FDB6}"
EndProject
Global
	GlobalSection(SolutionConfigurationPlatforms) = preSolution
		Debug|Any CPU = Debug|Any CPU
		Release|Any CPU = Release|Any CPU
	EndGlobalSection
	GlobalSection(ProjectConfigurationPlatforms) = postSolution
		{C64A1169-CEBE-4DF9-B66D-3618D589FDB6}.Debug|Any CPU.ActiveCfg = Debug|Any CPU
		{C64A1169-CEBE-4DF9-B66D-3618D589FDB6}.Debug|Any CPU.Build.0 = Debug|Any CPU
		{C64A1169-CEBE-4DF9-B66D-3618D589FDB6}.Release|Any CPU.ActiveCfg = Release|Any CPU
		{C64A1169-CEBE-4DF9-B66D-3618D589FDB6}.Release|Any CPU.Build.0 = Release|Any CPU
	EndGlobalSection
	GlobalSection(SolutionProperties) = preSolution
		HideSolutionNode = FALSE
	EndGlobalSection
	GlobalSection(ExtensibilityGlobals) = postSolution
		SolutionGuid = {20C2B0B8-1ACE-4CF6-BB1E-C13B210F870F}
	EndGlobalSection
EndGlobal
