
Microsoft Visual Studio Solution File, Format Version 12.00
# Visual Studio Version 16
VisualStudioVersion = 16.0.30611.23
MinimumVisualStudioVersion = 10.0.40219.1
Project("{FAE04EC0-301F-11D3-BF4B-00C04F79EFBC}") = "projectThree", "projectThree\projectThree.csproj", "{14176039-1825-45E6-8A22-343337C5C73F}"
EndProject
Global
	GlobalSection(SolutionConfigurationPlatforms) = preSolution
		Debug|Any CPU = Debug|Any CPU
		Release|Any CPU = Release|Any CPU
	EndGlobalSection
	GlobalSection(ProjectConfigurationPlatforms) = postSolution
		{14176039-1825-45E6-8A22-343337C5C73F}.Debug|Any CPU.ActiveCfg = Debug|Any CPU
		{14176039-1825-45E6-8A22-343337C5C73F}.Debug|Any CPU.Build.0 = Debug|Any CPU
		{14176039-1825-45E6-8A22-343337C5C73F}.Release|Any CPU.ActiveCfg = Release|Any CPU
		{14176039-1825-45E6-8A22-343337C5C73F}.Release|Any CPU.Build.0 = Release|Any CPU
	EndGlobalSection
	GlobalSection(SolutionProperties) = preSolution
		HideSolutionNode = FALSE
	EndGlobalSection
	GlobalSection(ExtensibilityGlobals) = postSolution
		SolutionGuid = {C7E70F05-8BF5-4991-BECE-A8B000FE699F}
	EndGlobalSection
EndGlobal
